
Microsoft Visual Studio Solution File, Format Version 12.00
# Visual Studio Version 17
VisualStudioVersion = 17.3.32825.248
MinimumVisualStudioVersion = 10.0.40219.1
Project("{FAE04EC0-301F-11D3-BF4B-00C04F79EFBC}") = "lab3", "lab3\lab3.csproj", "{914F8C12-F431-4FC7-94F2-E17977E5A807}"
EndProject
Project("{FAE04EC0-301F-11D3-BF4B-00C04F79EFBC}") = "lab3Tests", "lab3Tests\lab3Tests.csproj", "{15861C6C-E2AF-4E6B-9FAF-2CD264BBE5E3}"
EndProject
Global
	GlobalSection(SolutionConfigurationPlatforms) = preSolution
		Debug|Any CPU = Debug|Any CPU
		Release|Any CPU = Release|Any CPU
	EndGlobalSection
	GlobalSection(ProjectConfigurationPlatforms) = postSolution
		{914F8C12-F431-4FC7-94F2-E17977E5A807}.Debug|Any CPU.ActiveCfg = Debug|Any CPU
		{914F8C12-F431-4FC7-94F2-E17977E5A807}.Debug|Any CPU.Build.0 = Debug|Any CPU
		{914F8C12-F431-4FC7-94F2-E17977E5A807}.Release|Any CPU.ActiveCfg = Release|Any CPU
		{914F8C12-F431-4FC7-94F2-E17977E5A807}.Release|Any CPU.Build.0 = Release|Any CPU
		{15861C6C-E2AF-4E6B-9FAF-2CD264BBE5E3}.Debug|Any CPU.ActiveCfg = Debug|Any CPU
		{15861C6C-E2AF-4E6B-9FAF-2CD264BBE5E3}.Debug|Any CPU.Build.0 = Debug|Any CPU
		{15861C6C-E2AF-4E6B-9FAF-2CD264BBE5E3}.Release|Any CPU.ActiveCfg = Release|Any CPU
		{15861C6C-E2AF-4E6B-9FAF-2CD264BBE5E3}.Release|Any CPU.Build.0 = Release|Any CPU
	EndGlobalSection
	GlobalSection(SolutionProperties) = preSolution
		HideSolutionNode = FALSE
	EndGlobalSection
	GlobalSection(ExtensibilityGlobals) = postSolution
		SolutionGuid = {819520DB-DA28-4DDE-B22F-0281A6316CDA}
	EndGlobalSection
EndGlobal
