
Microsoft Visual Studio Solution File, Format Version 12.00
# Visual Studio Version 17
VisualStudioVersion = 17.3.32825.248
MinimumVisualStudioVersion = 10.0.40219.1
Project("{FAE04EC0-301F-11D3-BF4B-00C04F79EFBC}") = "lab2", "lab2\lab2.csproj", "{8F529B86-3526-4070-8BDB-FA0B175A5836}"
EndProject
Project("{FAE04EC0-301F-11D3-BF4B-00C04F79EFBC}") = "lab2.Tests", "lab2.Tests\lab2.Tests.csproj", "{E628AF03-62B5-4564-990A-77C02334242C}"
EndProject
Global
	GlobalSection(SolutionConfigurationPlatforms) = preSolution
		Debug|Any CPU = Debug|Any CPU
		Release|Any CPU = Release|Any CPU
	EndGlobalSection
	GlobalSection(ProjectConfigurationPlatforms) = postSolution
		{8F529B86-3526-4070-8BDB-FA0B175A5836}.Debug|Any CPU.ActiveCfg = Debug|Any CPU
		{8F529B86-3526-4070-8BDB-FA0B175A5836}.Debug|Any CPU.Build.0 = Debug|Any CPU
		{8F529B86-3526-4070-8BDB-FA0B175A5836}.Release|Any CPU.ActiveCfg = Release|Any CPU
		{8F529B86-3526-4070-8BDB-FA0B175A5836}.Release|Any CPU.Build.0 = Release|Any CPU
		{E628AF03-62B5-4564-990A-77C02334242C}.Debug|Any CPU.ActiveCfg = Debug|Any CPU
		{E628AF03-62B5-4564-990A-77C02334242C}.Debug|Any CPU.Build.0 = Debug|Any CPU
		{E628AF03-62B5-4564-990A-77C02334242C}.Release|Any CPU.ActiveCfg = Release|Any CPU
		{E628AF03-62B5-4564-990A-77C02334242C}.Release|Any CPU.Build.0 = Release|Any CPU
	EndGlobalSection
	GlobalSection(SolutionProperties) = preSolution
		HideSolutionNode = FALSE
	EndGlobalSection
	GlobalSection(ExtensibilityGlobals) = postSolution
		SolutionGuid = {51C12FBF-04D0-43A5-86CE-8503E44FBB8F}
	EndGlobalSection
EndGlobal
